// !$*UTF8*$!
{
	archiveVersion = 1;
	classes = {
	};
	objectVersion = 56;
	objects = {

/* Begin PBXBuildFile section */
		696EA48C2B47E39000A35CD6 /* FavoritesViewModel.swift in Sources */ = {isa = PBXBuildFile; fileRef = 696EA48B2B47E39000A35CD6 /* FavoritesViewModel.swift */; };
		696EA48E2B47E39900A35CD6 /* FavoriteCar.swift in Sources */ = {isa = PBXBuildFile; fileRef = 696EA48D2B47E39900A35CD6 /* FavoriteCar.swift */; };
		696EA4942B48302D00A35CD6 /* BasketCell.swift in Sources */ = {isa = PBXBuildFile; fileRef = 696EA4932B48302D00A35CD6 /* BasketCell.swift */; };
		696EA4962B48370A00A35CD6 /* Product.swift in Sources */ = {isa = PBXBuildFile; fileRef = 696EA4952B48370A00A35CD6 /* Product.swift */; };
		696EA4982B48371E00A35CD6 /* CartViewModel.swift in Sources */ = {isa = PBXBuildFile; fileRef = 696EA4972B48371E00A35CD6 /* CartViewModel.swift */; };
		696EA49A2B488AFB00A35CD6 /* CoreDataManager.swift in Sources */ = {isa = PBXBuildFile; fileRef = 696EA4992B488AFB00A35CD6 /* CoreDataManager.swift */; };
		696EA49C2B48B97700A35CD6 /* Notification.swift in Sources */ = {isa = PBXBuildFile; fileRef = 696EA49B2B48B97700A35CD6 /* Notification.swift */; };
		69AE550D2B4A0E1A00025957 /* Montserrat in Resources */ = {isa = PBXBuildFile; fileRef = 69AE550C2B4A0E1A00025957 /* Montserrat */; };
		69AE550F2B4A0EF400025957 /* Font.swift in Sources */ = {isa = PBXBuildFile; fileRef = 69AE550E2B4A0EF400025957 /* Font.swift */; };
		69CC78F92B469DA70086483E /* AppDelegate.swift in Sources */ = {isa = PBXBuildFile; fileRef = 69CC78F82B469DA70086483E /* AppDelegate.swift */; };
		69CC78FB2B469DA70086483E /* SceneDelegate.swift in Sources */ = {isa = PBXBuildFile; fileRef = 69CC78FA2B469DA70086483E /* SceneDelegate.swift */; };
		69CC79032B469DA70086483E /* eterationCaseStudy.xcdatamodeld in Sources */ = {isa = PBXBuildFile; fileRef = 69CC79012B469DA70086483E /* eterationCaseStudy.xcdatamodeld */; };
		69CC79052B469DA90086483E /* Assets.xcassets in Resources */ = {isa = PBXBuildFile; fileRef = 69CC79042B469DA90086483E /* Assets.xcassets */; };
		69CC79082B469DA90086483E /* LaunchScreen.storyboard in Resources */ = {isa = PBXBuildFile; fileRef = 69CC79062B469DA90086483E /* LaunchScreen.storyboard */; };
		69CC79132B469DA90086483E /* eterationCaseStudyTests.swift in Sources */ = {isa = PBXBuildFile; fileRef = 69CC79122B469DA90086483E /* eterationCaseStudyTests.swift */; };
		69CC791D2B469DA90086483E /* eterationCaseStudyUITests.swift in Sources */ = {isa = PBXBuildFile; fileRef = 69CC791C2B469DA90086483E /* eterationCaseStudyUITests.swift */; };
		69CC791F2B469DA90086483E /* eterationCaseStudyUITestsLaunchTests.swift in Sources */ = {isa = PBXBuildFile; fileRef = 69CC791E2B469DA90086483E /* eterationCaseStudyUITestsLaunchTests.swift */; };
		69CC792C2B469E770086483E /* TabBarVC.swift in Sources */ = {isa = PBXBuildFile; fileRef = 69CC792B2B469E770086483E /* TabBarVC.swift */; };
		69CC792F2B469F530086483E /* SnapKit in Frameworks */ = {isa = PBXBuildFile; productRef = 69CC792E2B469F530086483E /* SnapKit */; };
		69CC79312B46A1880086483E /* HomeVC.swift in Sources */ = {isa = PBXBuildFile; fileRef = 69CC79302B46A1880086483E /* HomeVC.swift */; };
		69CC79332B46A19C0086483E /* BasketVC.swift in Sources */ = {isa = PBXBuildFile; fileRef = 69CC79322B46A19C0086483E /* BasketVC.swift */; };
		69CC79352B46A1B20086483E /* FavoritesVC.swift in Sources */ = {isa = PBXBuildFile; fileRef = 69CC79342B46A1B20086483E /* FavoritesVC.swift */; };
		69CC79372B46A1CB0086483E /* ProfileVC.swift in Sources */ = {isa = PBXBuildFile; fileRef = 69CC79362B46A1CB0086483E /* ProfileVC.swift */; };
		69CC793C2B46A9F20086483E /* UIFont.swift in Sources */ = {isa = PBXBuildFile; fileRef = 69CC793B2B46A9F20086483E /* UIFont.swift */; };
		69CC794D2B46B5E70086483E /* HomeViewModel.swift in Sources */ = {isa = PBXBuildFile; fileRef = 69CC794C2B46B5E70086483E /* HomeViewModel.swift */; };
		69CC794F2B46B5F80086483E /* Home.swift in Sources */ = {isa = PBXBuildFile; fileRef = 69CC794E2B46B5F80086483E /* Home.swift */; };
		69CC79512B46B9F20086483E /* HomeCell.swift in Sources */ = {isa = PBXBuildFile; fileRef = 69CC79502B46B9F20086483E /* HomeCell.swift */; };
		69CC79532B46C9380086483E /* FilterVC.swift in Sources */ = {isa = PBXBuildFile; fileRef = 69CC79522B46C9380086483E /* FilterVC.swift */; };
		69CC79592B46F3320086483E /* FilterViewModel.swift in Sources */ = {isa = PBXBuildFile; fileRef = 69CC79582B46F3320086483E /* FilterViewModel.swift */; };
		69CC795E2B46F4FB0086483E /* CarService.swift in Sources */ = {isa = PBXBuildFile; fileRef = 69CC795D2B46F4FB0086483E /* CarService.swift */; };
		69CC79612B46F52A0086483E /* Alamofire in Frameworks */ = {isa = PBXBuildFile; productRef = 69CC79602B46F52A0086483E /* Alamofire */; };
		69CC79632B46F57C0086483E /* NetworkManager.swift in Sources */ = {isa = PBXBuildFile; fileRef = 69CC79622B46F57C0086483E /* NetworkManager.swift */; };
		69CC79652B46F5960086483E /* NetworkUtilitiy.swift in Sources */ = {isa = PBXBuildFile; fileRef = 69CC79642B46F5960086483E /* NetworkUtilitiy.swift */; };
		69CC79682B46F5EB0086483E /* AlamofireImage in Frameworks */ = {isa = PBXBuildFile; productRef = 69CC79672B46F5EB0086483E /* AlamofireImage */; };
		69CC796A2B46F6B40086483E /* Error.swift in Sources */ = {isa = PBXBuildFile; fileRef = 69CC79692B46F6B40086483E /* Error.swift */; };
		69CC796C2B46FFE10086483E /* Debouncer.swift in Sources */ = {isa = PBXBuildFile; fileRef = 69CC796B2B46FFE10086483E /* Debouncer.swift */; };
		69CC79742B4765990086483E /* CarDetailVC.swift in Sources */ = {isa = PBXBuildFile; fileRef = 69CC79732B4765990086483E /* CarDetailVC.swift */; };
		69CC79762B47664E0086483E /* Model.swift in Sources */ = {isa = PBXBuildFile; fileRef = 69CC79752B47664E0086483E /* Model.swift */; };
		69CC79782B47667C0086483E /* CarDetailViewModel.swift in Sources */ = {isa = PBXBuildFile; fileRef = 69CC79772B47667C0086483E /* CarDetailViewModel.swift */; };
/* End PBXBuildFile section */

/* Begin PBXContainerItemProxy section */
		69CC790F2B469DA90086483E /* PBXContainerItemProxy */ = {
			isa = PBXContainerItemProxy;
			containerPortal = 69CC78ED2B469DA70086483E /* Project object */;
			proxyType = 1;
			remoteGlobalIDString = 69CC78F42B469DA70086483E;
			remoteInfo = eterationCaseStudy;
		};
		69CC79192B469DA90086483E /* PBXContainerItemProxy */ = {
			isa = PBXContainerItemProxy;
			containerPortal = 69CC78ED2B469DA70086483E /* Project object */;
			proxyType = 1;
			remoteGlobalIDString = 69CC78F42B469DA70086483E;
			remoteInfo = eterationCaseStudy;
		};
/* End PBXContainerItemProxy section */

/* Begin PBXFileReference section */
		696EA48B2B47E39000A35CD6 /* FavoritesViewModel.swift */ = {isa = PBXFileReference; lastKnownFileType = sourcecode.swift; path = FavoritesViewModel.swift; sourceTree = "<group>"; };
		696EA48D2B47E39900A35CD6 /* FavoriteCar.swift */ = {isa = PBXFileReference; lastKnownFileType = sourcecode.swift; path = FavoriteCar.swift; sourceTree = "<group>"; };
		696EA4932B48302D00A35CD6 /* BasketCell.swift */ = {isa = PBXFileReference; lastKnownFileType = sourcecode.swift; path = BasketCell.swift; sourceTree = "<group>"; };
		696EA4952B48370A00A35CD6 /* Product.swift */ = {isa = PBXFileReference; lastKnownFileType = sourcecode.swift; path = Product.swift; sourceTree = "<group>"; };
		696EA4972B48371E00A35CD6 /* CartViewModel.swift */ = {isa = PBXFileReference; lastKnownFileType = sourcecode.swift; path = CartViewModel.swift; sourceTree = "<group>"; };
		696EA4992B488AFB00A35CD6 /* CoreDataManager.swift */ = {isa = PBXFileReference; lastKnownFileType = sourcecode.swift; path = CoreDataManager.swift; sourceTree = "<group>"; };
		696EA49B2B48B97700A35CD6 /* Notification.swift */ = {isa = PBXFileReference; lastKnownFileType = sourcecode.swift; path = Notification.swift; sourceTree = "<group>"; };
		69AE550C2B4A0E1A00025957 /* Montserrat */ = {isa = PBXFileReference; lastKnownFileType = folder; path = Montserrat; sourceTree = "<group>"; };
		69AE550E2B4A0EF400025957 /* Font.swift */ = {isa = PBXFileReference; lastKnownFileType = sourcecode.swift; path = Font.swift; sourceTree = "<group>"; };
		69CC78F52B469DA70086483E /* eterationCaseStudy.app */ = {isa = PBXFileReference; explicitFileType = wrapper.application; includeInIndex = 0; path = eterationCaseStudy.app; sourceTree = BUILT_PRODUCTS_DIR; };
		69CC78F82B469DA70086483E /* AppDelegate.swift */ = {isa = PBXFileReference; lastKnownFileType = sourcecode.swift; path = AppDelegate.swift; sourceTree = "<group>"; };
		69CC78FA2B469DA70086483E /* SceneDelegate.swift */ = {isa = PBXFileReference; lastKnownFileType = sourcecode.swift; path = SceneDelegate.swift; sourceTree = "<group>"; };
		69CC79022B469DA70086483E /* eterationCaseStudy.xcdatamodel */ = {isa = PBXFileReference; lastKnownFileType = wrapper.xcdatamodel; path = eterationCaseStudy.xcdatamodel; sourceTree = "<group>"; };
		69CC79042B469DA90086483E /* Assets.xcassets */ = {isa = PBXFileReference; lastKnownFileType = folder.assetcatalog; path = Assets.xcassets; sourceTree = "<group>"; };
		69CC79072B469DA90086483E /* Base */ = {isa = PBXFileReference; lastKnownFileType = file.storyboard; name = Base; path = Base.lproj/LaunchScreen.storyboard; sourceTree = "<group>"; };
		69CC79092B469DA90086483E /* Info.plist */ = {isa = PBXFileReference; lastKnownFileType = text.plist.xml; path = Info.plist; sourceTree = "<group>"; };
		69CC790E2B469DA90086483E /* eterationCaseStudyTests.xctest */ = {isa = PBXFileReference; explicitFileType = wrapper.cfbundle; includeInIndex = 0; path = eterationCaseStudyTests.xctest; sourceTree = BUILT_PRODUCTS_DIR; };
		69CC79122B469DA90086483E /* eterationCaseStudyTests.swift */ = {isa = PBXFileReference; lastKnownFileType = sourcecode.swift; path = eterationCaseStudyTests.swift; sourceTree = "<group>"; };
		69CC79182B469DA90086483E /* eterationCaseStudyUITests.xctest */ = {isa = PBXFileReference; explicitFileType = wrapper.cfbundle; includeInIndex = 0; path = eterationCaseStudyUITests.xctest; sourceTree = BUILT_PRODUCTS_DIR; };
		69CC791C2B469DA90086483E /* eterationCaseStudyUITests.swift */ = {isa = PBXFileReference; lastKnownFileType = sourcecode.swift; path = eterationCaseStudyUITests.swift; sourceTree = "<group>"; };
		69CC791E2B469DA90086483E /* eterationCaseStudyUITestsLaunchTests.swift */ = {isa = PBXFileReference; lastKnownFileType = sourcecode.swift; path = eterationCaseStudyUITestsLaunchTests.swift; sourceTree = "<group>"; };
		69CC792B2B469E770086483E /* TabBarVC.swift */ = {isa = PBXFileReference; lastKnownFileType = sourcecode.swift; path = TabBarVC.swift; sourceTree = "<group>"; };
		69CC79302B46A1880086483E /* HomeVC.swift */ = {isa = PBXFileReference; lastKnownFileType = sourcecode.swift; path = HomeVC.swift; sourceTree = "<group>"; };
		69CC79322B46A19C0086483E /* BasketVC.swift */ = {isa = PBXFileReference; lastKnownFileType = sourcecode.swift; path = BasketVC.swift; sourceTree = "<group>"; };
		69CC79342B46A1B20086483E /* FavoritesVC.swift */ = {isa = PBXFileReference; lastKnownFileType = sourcecode.swift; path = FavoritesVC.swift; sourceTree = "<group>"; };
		69CC79362B46A1CB0086483E /* ProfileVC.swift */ = {isa = PBXFileReference; lastKnownFileType = sourcecode.swift; path = ProfileVC.swift; sourceTree = "<group>"; };
		69CC793B2B46A9F20086483E /* UIFont.swift */ = {isa = PBXFileReference; lastKnownFileType = sourcecode.swift; path = UIFont.swift; sourceTree = "<group>"; };
		69CC794C2B46B5E70086483E /* HomeViewModel.swift */ = {isa = PBXFileReference; lastKnownFileType = sourcecode.swift; path = HomeViewModel.swift; sourceTree = "<group>"; };
		69CC794E2B46B5F80086483E /* Home.swift */ = {isa = PBXFileReference; lastKnownFileType = sourcecode.swift; path = Home.swift; sourceTree = "<group>"; };
		69CC79502B46B9F20086483E /* HomeCell.swift */ = {isa = PBXFileReference; lastKnownFileType = sourcecode.swift; path = HomeCell.swift; sourceTree = "<group>"; };
		69CC79522B46C9380086483E /* FilterVC.swift */ = {isa = PBXFileReference; lastKnownFileType = sourcecode.swift; path = FilterVC.swift; sourceTree = "<group>"; };
		69CC79582B46F3320086483E /* FilterViewModel.swift */ = {isa = PBXFileReference; lastKnownFileType = sourcecode.swift; path = FilterViewModel.swift; sourceTree = "<group>"; };
		69CC795D2B46F4FB0086483E /* CarService.swift */ = {isa = PBXFileReference; lastKnownFileType = sourcecode.swift; path = CarService.swift; sourceTree = "<group>"; };
		69CC79622B46F57C0086483E /* NetworkManager.swift */ = {isa = PBXFileReference; lastKnownFileType = sourcecode.swift; path = NetworkManager.swift; sourceTree = "<group>"; };
		69CC79642B46F5960086483E /* NetworkUtilitiy.swift */ = {isa = PBXFileReference; lastKnownFileType = sourcecode.swift; path = NetworkUtilitiy.swift; sourceTree = "<group>"; };
		69CC79692B46F6B40086483E /* Error.swift */ = {isa = PBXFileReference; lastKnownFileType = sourcecode.swift; path = Error.swift; sourceTree = "<group>"; };
		69CC796B2B46FFE10086483E /* Debouncer.swift */ = {isa = PBXFileReference; lastKnownFileType = sourcecode.swift; path = Debouncer.swift; sourceTree = "<group>"; };
		69CC79732B4765990086483E /* CarDetailVC.swift */ = {isa = PBXFileReference; lastKnownFileType = sourcecode.swift; path = CarDetailVC.swift; sourceTree = "<group>"; };
		69CC79752B47664E0086483E /* Model.swift */ = {isa = PBXFileReference; lastKnownFileType = sourcecode.swift; path = Model.swift; sourceTree = "<group>"; };
		69CC79772B47667C0086483E /* CarDetailViewModel.swift */ = {isa = PBXFileReference; lastKnownFileType = sourcecode.swift; path = CarDetailViewModel.swift; sourceTree = "<group>"; };
/* End PBXFileReference section */

/* Begin PBXFrameworksBuildPhase section */
		69CC78F22B469DA70086483E /* Frameworks */ = {
			isa = PBXFrameworksBuildPhase;
			buildActionMask = 2147483647;
			files = (
				69CC792F2B469F530086483E /* SnapKit in Frameworks */,
				69CC79612B46F52A0086483E /* Alamofire in Frameworks */,
				69CC79682B46F5EB0086483E /* AlamofireImage in Frameworks */,
			);
			runOnlyForDeploymentPostprocessing = 0;
		};
		69CC790B2B469DA90086483E /* Frameworks */ = {
			isa = PBXFrameworksBuildPhase;
			buildActionMask = 2147483647;
			files = (
			);
			runOnlyForDeploymentPostprocessing = 0;
		};
		69CC79152B469DA90086483E /* Frameworks */ = {
			isa = PBXFrameworksBuildPhase;
			buildActionMask = 2147483647;
			files = (
			);
			runOnlyForDeploymentPostprocessing = 0;
		};
/* End PBXFrameworksBuildPhase section */

/* Begin PBXGroup section */
		69AE550B2B4A0E0800025957 /* Fonts */ = {
			isa = PBXGroup;
			children = (
				69AE550C2B4A0E1A00025957 /* Montserrat */,
				69AE550E2B4A0EF400025957 /* Font.swift */,
			);
			path = Fonts;
			sourceTree = "<group>";
		};
		69CC78EC2B469DA70086483E = {
			isa = PBXGroup;
			children = (
				69CC78F72B469DA70086483E /* eterationCaseStudy */,
				69CC79112B469DA90086483E /* eterationCaseStudyTests */,
				69CC791B2B469DA90086483E /* eterationCaseStudyUITests */,
				69CC78F62B469DA70086483E /* Products */,
			);
			sourceTree = "<group>";
		};
		69CC78F62B469DA70086483E /* Products */ = {
			isa = PBXGroup;
			children = (
				69CC78F52B469DA70086483E /* eterationCaseStudy.app */,
				69CC790E2B469DA90086483E /* eterationCaseStudyTests.xctest */,
				69CC79182B469DA90086483E /* eterationCaseStudyUITests.xctest */,
			);
			name = Products;
			sourceTree = "<group>";
		};
		69CC78F72B469DA70086483E /* eterationCaseStudy */ = {
			isa = PBXGroup;
			children = (
				69AE550B2B4A0E0800025957 /* Fonts */,
				69CC796F2B4765710086483E /* Detail */,
				69CC795A2B46F4900086483E /* NetworkManager */,
				69CC79412B46B4B80086483E /* Favorites */,
				69CC79402B46B4AE0086483E /* TabBar */,
				69CC793F2B46B4A00086483E /* Profile */,
				69CC793E2B46B4930086483E /* Basket */,
				69CC793D2B46B4860086483E /* Home */,
				69CC79542B46F1FB0086483E /* Filter */,
				69CC79392B46A9800086483E /* CoreDataManager */,
				69CC79382B46A96C0086483E /* App */,
				69CC79042B469DA90086483E /* Assets.xcassets */,
				69CC79092B469DA90086483E /* Info.plist */,
				69CC793A2B46A9E20086483E /* Extensions */,
			);
			path = eterationCaseStudy;
			sourceTree = "<group>";
		};
		69CC79112B469DA90086483E /* eterationCaseStudyTests */ = {
			isa = PBXGroup;
			children = (
				69CC79122B469DA90086483E /* eterationCaseStudyTests.swift */,
			);
			path = eterationCaseStudyTests;
			sourceTree = "<group>";
		};
		69CC791B2B469DA90086483E /* eterationCaseStudyUITests */ = {
			isa = PBXGroup;
			children = (
				69CC791C2B469DA90086483E /* eterationCaseStudyUITests.swift */,
				69CC791E2B469DA90086483E /* eterationCaseStudyUITestsLaunchTests.swift */,
			);
			path = eterationCaseStudyUITests;
			sourceTree = "<group>";
		};
		69CC79382B46A96C0086483E /* App */ = {
			isa = PBXGroup;
			children = (
				69CC79062B469DA90086483E /* LaunchScreen.storyboard */,
				69CC78F82B469DA70086483E /* AppDelegate.swift */,
				69CC78FA2B469DA70086483E /* SceneDelegate.swift */,
			);
			path = App;
			sourceTree = "<group>";
		};
		69CC79392B46A9800086483E /* CoreDataManager */ = {
			isa = PBXGroup;
			children = (
				69CC79012B469DA70086483E /* eterationCaseStudy.xcdatamodeld */,
				696EA4992B488AFB00A35CD6 /* CoreDataManager.swift */,
			);
			path = CoreDataManager;
			sourceTree = "<group>";
		};
		69CC793A2B46A9E20086483E /* Extensions */ = {
			isa = PBXGroup;
			children = (
				69CC793B2B46A9F20086483E /* UIFont.swift */,
			);
			path = Extensions;
			sourceTree = "<group>";
		};
		69CC793D2B46B4860086483E /* Home */ = {
			isa = PBXGroup;
			children = (
				69CC79442B46B4E60086483E /* Model */,
				69CC79432B46B4DC0086483E /* ViewModel */,
				69CC79422B46B4D20086483E /* View */,
			);
			path = Home;
			sourceTree = "<group>";
		};
		69CC793E2B46B4930086483E /* Basket */ = {
			isa = PBXGroup;
			children = (
				69CC79472B46B5120086483E /* Model */,
				69CC79462B46B5050086483E /* ViewModel */,
				69CC79452B46B5000086483E /* View */,
			);
			path = Basket;
			sourceTree = "<group>";
		};
		69CC793F2B46B4A00086483E /* Profile */ = {
			isa = PBXGroup;
			children = (
				69CC79482B46B5780086483E /* View */,
			);
			name = Profile;
			path = "pROFİLE";
			sourceTree = "<group>";
		};
		69CC79402B46B4AE0086483E /* TabBar */ = {
			isa = PBXGroup;
			children = (
				69CC792B2B469E770086483E /* TabBarVC.swift */,
			);
			path = TabBar;
			sourceTree = "<group>";
		};
		69CC79412B46B4B80086483E /* Favorites */ = {
			isa = PBXGroup;
			children = (
				69CC794B2B46B59B0086483E /* Model */,
				69CC794A2B46B5960086483E /* ViewModel */,
				69CC79492B46B58A0086483E /* View */,
			);
			path = Favorites;
			sourceTree = "<group>";
		};
		69CC79422B46B4D20086483E /* View */ = {
			isa = PBXGroup;
			children = (
				69CC79302B46A1880086483E /* HomeVC.swift */,
				69CC79502B46B9F20086483E /* HomeCell.swift */,
			);
			path = View;
			sourceTree = "<group>";
		};
		69CC79432B46B4DC0086483E /* ViewModel */ = {
			isa = PBXGroup;
			children = (
				69CC794C2B46B5E70086483E /* HomeViewModel.swift */,
				69CC796B2B46FFE10086483E /* Debouncer.swift */,
			);
			path = ViewModel;
			sourceTree = "<group>";
		};
		69CC79442B46B4E60086483E /* Model */ = {
			isa = PBXGroup;
			children = (
				69CC794E2B46B5F80086483E /* Home.swift */,
			);
			path = Model;
			sourceTree = "<group>";
		};
		69CC79452B46B5000086483E /* View */ = {
			isa = PBXGroup;
			children = (
				69CC79322B46A19C0086483E /* BasketVC.swift */,
				696EA4932B48302D00A35CD6 /* BasketCell.swift */,
			);
			path = View;
			sourceTree = "<group>";
		};
		69CC79462B46B5050086483E /* ViewModel */ = {
			isa = PBXGroup;
			children = (
				696EA4972B48371E00A35CD6 /* CartViewModel.swift */,
			);
			path = ViewModel;
			sourceTree = "<group>";
		};
		69CC79472B46B5120086483E /* Model */ = {
			isa = PBXGroup;
			children = (
				696EA4952B48370A00A35CD6 /* Product.swift */,
			);
			path = Model;
			sourceTree = "<group>";
		};
		69CC79482B46B5780086483E /* View */ = {
			isa = PBXGroup;
			children = (
				69CC79362B46A1CB0086483E /* ProfileVC.swift */,
			);
			path = View;
			sourceTree = "<group>";
		};
		69CC79492B46B58A0086483E /* View */ = {
			isa = PBXGroup;
			children = (
				69CC79342B46A1B20086483E /* FavoritesVC.swift */,
			);
			name = View;
			path = "vİEW";
			sourceTree = "<group>";
		};
		69CC794A2B46B5960086483E /* ViewModel */ = {
			isa = PBXGroup;
			children = (
				696EA48B2B47E39000A35CD6 /* FavoritesViewModel.swift */,
			);
			path = ViewModel;
			sourceTree = "<group>";
		};
		69CC794B2B46B59B0086483E /* Model */ = {
			isa = PBXGroup;
			children = (
				696EA48D2B47E39900A35CD6 /* FavoriteCar.swift */,
			);
			path = Model;
			sourceTree = "<group>";
		};
		69CC79542B46F1FB0086483E /* Filter */ = {
			isa = PBXGroup;
			children = (
				69CC79572B46F2180086483E /* Model */,
				69CC79562B46F2120086483E /* ViewModel */,
				69CC79552B46F20A0086483E /* View */,
			);
			path = Filter;
			sourceTree = "<group>";
		};
		69CC79552B46F20A0086483E /* View */ = {
			isa = PBXGroup;
			children = (
				69CC79522B46C9380086483E /* FilterVC.swift */,
			);
			path = View;
			sourceTree = "<group>";
		};
		69CC79562B46F2120086483E /* ViewModel */ = {
			isa = PBXGroup;
			children = (
				69CC79582B46F3320086483E /* FilterViewModel.swift */,
			);
			path = ViewModel;
			sourceTree = "<group>";
		};
		69CC79572B46F2180086483E /* Model */ = {
			isa = PBXGroup;
			children = (
			);
			path = Model;
			sourceTree = "<group>";
		};
		69CC795A2B46F4900086483E /* NetworkManager */ = {
			isa = PBXGroup;
			children = (
				69CC795C2B46F4D40086483E /* CORE */,
				69CC795B2B46F4C60086483E /* API */,
			);
			path = NetworkManager;
			sourceTree = "<group>";
		};
		69CC795B2B46F4C60086483E /* API */ = {
			isa = PBXGroup;
			children = (
				69CC79622B46F57C0086483E /* NetworkManager.swift */,
				69CC79642B46F5960086483E /* NetworkUtilitiy.swift */,
				69CC79692B46F6B40086483E /* Error.swift */,
			);
			path = API;
			sourceTree = "<group>";
		};
		69CC795C2B46F4D40086483E /* CORE */ = {
			isa = PBXGroup;
			children = (
				69CC795D2B46F4FB0086483E /* CarService.swift */,
			);
			path = CORE;
			sourceTree = "<group>";
		};
		69CC796F2B4765710086483E /* Detail */ = {
			isa = PBXGroup;
			children = (
				69CC79722B4765830086483E /* Model */,
				69CC79712B47657E0086483E /* View */,
				69CC79702B4765780086483E /* ViewModel */,
			);
			path = Detail;
			sourceTree = "<group>";
		};
		69CC79702B4765780086483E /* ViewModel */ = {
			isa = PBXGroup;
			children = (
				69CC79772B47667C0086483E /* CarDetailViewModel.swift */,
			);
			path = ViewModel;
			sourceTree = "<group>";
		};
		69CC79712B47657E0086483E /* View */ = {
			isa = PBXGroup;
			children = (
				69CC79732B4765990086483E /* CarDetailVC.swift */,
				696EA49B2B48B97700A35CD6 /* Notification.swift */,
			);
			path = View;
			sourceTree = "<group>";
		};
		69CC79722B4765830086483E /* Model */ = {
			isa = PBXGroup;
			children = (
				69CC79752B47664E0086483E /* Model.swift */,
			);
			path = Model;
			sourceTree = "<group>";
		};
/* End PBXGroup section */

/* Begin PBXNativeTarget section */
		69CC78F42B469DA70086483E /* eterationCaseStudy */ = {
			isa = PBXNativeTarget;
			buildConfigurationList = 69CC79222B469DAA0086483E /* Build configuration list for PBXNativeTarget "eterationCaseStudy" */;
			buildPhases = (
				69CC78F12B469DA70086483E /* Sources */,
				69CC78F22B469DA70086483E /* Frameworks */,
				69CC78F32B469DA70086483E /* Resources */,
			);
			buildRules = (
			);
			dependencies = (
			);
			name = eterationCaseStudy;
			packageProductDependencies = (
				69CC792E2B469F530086483E /* SnapKit */,
				69CC79602B46F52A0086483E /* Alamofire */,
				69CC79672B46F5EB0086483E /* AlamofireImage */,
			);
			productName = eterationCaseStudy;
			productReference = 69CC78F52B469DA70086483E /* eterationCaseStudy.app */;
			productType = "com.apple.product-type.application";
		};
		69CC790D2B469DA90086483E /* eterationCaseStudyTests */ = {
			isa = PBXNativeTarget;
			buildConfigurationList = 69CC79252B469DAA0086483E /* Build configuration list for PBXNativeTarget "eterationCaseStudyTests" */;
			buildPhases = (
				69CC790A2B469DA90086483E /* Sources */,
				69CC790B2B469DA90086483E /* Frameworks */,
				69CC790C2B469DA90086483E /* Resources */,
			);
			buildRules = (
			);
			dependencies = (
				69CC79102B469DA90086483E /* PBXTargetDependency */,
			);
			name = eterationCaseStudyTests;
			productName = eterationCaseStudyTests;
			productReference = 69CC790E2B469DA90086483E /* eterationCaseStudyTests.xctest */;
			productType = "com.apple.product-type.bundle.unit-test";
		};
		69CC79172B469DA90086483E /* eterationCaseStudyUITests */ = {
			isa = PBXNativeTarget;
			buildConfigurationList = 69CC79282B469DAA0086483E /* Build configuration list for PBXNativeTarget "eterationCaseStudyUITests" */;
			buildPhases = (
				69CC79142B469DA90086483E /* Sources */,
				69CC79152B469DA90086483E /* Frameworks */,
				69CC79162B469DA90086483E /* Resources */,
			);
			buildRules = (
			);
			dependencies = (
				69CC791A2B469DA90086483E /* PBXTargetDependency */,
			);
			name = eterationCaseStudyUITests;
			productName = eterationCaseStudyUITests;
			productReference = 69CC79182B469DA90086483E /* eterationCaseStudyUITests.xctest */;
			productType = "com.apple.product-type.bundle.ui-testing";
		};
/* End PBXNativeTarget section */

/* Begin PBXProject section */
		69CC78ED2B469DA70086483E /* Project object */ = {
			isa = PBXProject;
			attributes = {
				BuildIndependentTargetsInParallel = 1;
				LastSwiftUpdateCheck = 1510;
				LastUpgradeCheck = 1510;
				TargetAttributes = {
					69CC78F42B469DA70086483E = {
						CreatedOnToolsVersion = 15.1;
					};
					69CC790D2B469DA90086483E = {
						CreatedOnToolsVersion = 15.1;
						TestTargetID = 69CC78F42B469DA70086483E;
					};
					69CC79172B469DA90086483E = {
						CreatedOnToolsVersion = 15.1;
						TestTargetID = 69CC78F42B469DA70086483E;
					};
				};
			};
			buildConfigurationList = 69CC78F02B469DA70086483E /* Build configuration list for PBXProject "eterationCaseStudy" */;
			compatibilityVersion = "Xcode 14.0";
			developmentRegion = en;
			hasScannedForEncodings = 0;
			knownRegions = (
				en,
				Base,
			);
			mainGroup = 69CC78EC2B469DA70086483E;
			packageReferences = (
				69CC792D2B469F520086483E /* XCRemoteSwiftPackageReference "SnapKit" */,
				69CC795F2B46F52A0086483E /* XCRemoteSwiftPackageReference "Alamofire" */,
				69CC79662B46F5EB0086483E /* XCRemoteSwiftPackageReference "AlamofireImage" */,
			);
			productRefGroup = 69CC78F62B469DA70086483E /* Products */;
			projectDirPath = "";
			projectRoot = "";
			targets = (
				69CC78F42B469DA70086483E /* eterationCaseStudy */,
				69CC790D2B469DA90086483E /* eterationCaseStudyTests */,
				69CC79172B469DA90086483E /* eterationCaseStudyUITests */,
			);
		};
/* End PBXProject section */

/* Begin PBXResourcesBuildPhase section */
		69CC78F32B469DA70086483E /* Resources */ = {
			isa = PBXResourcesBuildPhase;
			buildActionMask = 2147483647;
			files = (
				69CC79082B469DA90086483E /* LaunchScreen.storyboard in Resources */,
				69CC79052B469DA90086483E /* Assets.xcassets in Resources */,
				69AE550D2B4A0E1A00025957 /* Montserrat in Resources */,
			);
			runOnlyForDeploymentPostprocessing = 0;
		};
		69CC790C2B469DA90086483E /* Resources */ = {
			isa = PBXResourcesBuildPhase;
			buildActionMask = 2147483647;
			files = (
			);
			runOnlyForDeploymentPostprocessing = 0;
		};
		69CC79162B469DA90086483E /* Resources */ = {
			isa = PBXResourcesBuildPhase;
			buildActionMask = 2147483647;
			files = (
			);
			runOnlyForDeploymentPostprocessing = 0;
		};
/* End PBXResourcesBuildPhase section */

/* Begin PBXSourcesBuildPhase section */
		69CC78F12B469DA70086483E /* Sources */ = {
			isa = PBXSourcesBuildPhase;
			buildActionMask = 2147483647;
			files = (
				69CC79762B47664E0086483E /* Model.swift in Sources */,
				69CC79592B46F3320086483E /* FilterViewModel.swift in Sources */,
				69AE550F2B4A0EF400025957 /* Font.swift in Sources */,
				69CC79352B46A1B20086483E /* FavoritesVC.swift in Sources */,
				69CC796C2B46FFE10086483E /* Debouncer.swift in Sources */,
				69CC78F92B469DA70086483E /* AppDelegate.swift in Sources */,
				69CC79372B46A1CB0086483E /* ProfileVC.swift in Sources */,
				696EA4982B48371E00A35CD6 /* CartViewModel.swift in Sources */,
				69CC79742B4765990086483E /* CarDetailVC.swift in Sources */,
				69CC79632B46F57C0086483E /* NetworkManager.swift in Sources */,
				69CC794F2B46B5F80086483E /* Home.swift in Sources */,
				69CC794D2B46B5E70086483E /* HomeViewModel.swift in Sources */,
				69CC792C2B469E770086483E /* TabBarVC.swift in Sources */,
				69CC79532B46C9380086483E /* FilterVC.swift in Sources */,
				69CC79312B46A1880086483E /* HomeVC.swift in Sources */,
				69CC78FB2B469DA70086483E /* SceneDelegate.swift in Sources */,
				69CC79332B46A19C0086483E /* BasketVC.swift in Sources */,
				69CC79652B46F5960086483E /* NetworkUtilitiy.swift in Sources */,
				69CC79782B47667C0086483E /* CarDetailViewModel.swift in Sources */,
				69CC79032B469DA70086483E /* eterationCaseStudy.xcdatamodeld in Sources */,
				69CC795E2B46F4FB0086483E /* CarService.swift in Sources */,
				69CC79512B46B9F20086483E /* HomeCell.swift in Sources */,
				696EA49C2B48B97700A35CD6 /* Notification.swift in Sources */,
				696EA48C2B47E39000A35CD6 /* FavoritesViewModel.swift in Sources */,
				696EA48E2B47E39900A35CD6 /* FavoriteCar.swift in Sources */,
				696EA4942B48302D00A35CD6 /* BasketCell.swift in Sources */,
				69CC796A2B46F6B40086483E /* Error.swift in Sources */,
				69CC793C2B46A9F20086483E /* UIFont.swift in Sources */,
				696EA49A2B488AFB00A35CD6 /* CoreDataManager.swift in Sources */,
				696EA4962B48370A00A35CD6 /* Product.swift in Sources */,
			);
			runOnlyForDeploymentPostprocessing = 0;
		};
		69CC790A2B469DA90086483E /* Sources */ = {
			isa = PBXSourcesBuildPhase;
			buildActionMask = 2147483647;
			files = (
				69CC79132B469DA90086483E /* eterationCaseStudyTests.swift in Sources */,
			);
			runOnlyForDeploymentPostprocessing = 0;
		};
		69CC79142B469DA90086483E /* Sources */ = {
			isa = PBXSourcesBuildPhase;
			buildActionMask = 2147483647;
			files = (
				69CC791F2B469DA90086483E /* eterationCaseStudyUITestsLaunchTests.swift in Sources */,
				69CC791D2B469DA90086483E /* eterationCaseStudyUITests.swift in Sources */,
			);
			runOnlyForDeploymentPostprocessing = 0;
		};
/* End PBXSourcesBuildPhase section */

/* Begin PBXTargetDependency section */
		69CC79102B469DA90086483E /* PBXTargetDependency */ = {
			isa = PBXTargetDependency;
			target = 69CC78F42B469DA70086483E /* eterationCaseStudy */;
			targetProxy = 69CC790F2B469DA90086483E /* PBXContainerItemProxy */;
		};
		69CC791A2B469DA90086483E /* PBXTargetDependency */ = {
			isa = PBXTargetDependency;
			target = 69CC78F42B469DA70086483E /* eterationCaseStudy */;
			targetProxy = 69CC79192B469DA90086483E /* PBXContainerItemProxy */;
		};
/* End PBXTargetDependency section */

/* Begin PBXVariantGroup section */
		69CC79062B469DA90086483E /* LaunchScreen.storyboard */ = {
			isa = PBXVariantGroup;
			children = (
				69CC79072B469DA90086483E /* Base */,
			);
			name = LaunchScreen.storyboard;
			sourceTree = "<group>";
		};
/* End PBXVariantGroup section */

/* Begin XCBuildConfiguration section */
		69CC79202B469DAA0086483E /* Debug */ = {
			isa = XCBuildConfiguration;
			buildSettings = {
				ALWAYS_SEARCH_USER_PATHS = NO;
				ASSETCATALOG_COMPILER_GENERATE_SWIFT_ASSET_SYMBOL_EXTENSIONS = YES;
				CLANG_ANALYZER_NONNULL = YES;
				CLANG_ANALYZER_NUMBER_OBJECT_CONVERSION = YES_AGGRESSIVE;
				CLANG_CXX_LANGUAGE_STANDARD = "gnu++20";
				CLANG_ENABLE_MODULES = YES;
				CLANG_ENABLE_OBJC_ARC = YES;
				CLANG_ENABLE_OBJC_WEAK = YES;
				CLANG_WARN_BLOCK_CAPTURE_AUTORELEASING = YES;
				CLANG_WARN_BOOL_CONVERSION = YES;
				CLANG_WARN_COMMA = YES;
				CLANG_WARN_CONSTANT_CONVERSION = YES;
				CLANG_WARN_DEPRECATED_OBJC_IMPLEMENTATIONS = YES;
				CLANG_WARN_DIRECT_OBJC_ISA_USAGE = YES_ERROR;
				CLANG_WARN_DOCUMENTATION_COMMENTS = YES;
				CLANG_WARN_EMPTY_BODY = YES;
				CLANG_WARN_ENUM_CONVERSION = YES;
				CLANG_WARN_INFINITE_RECURSION = YES;
				CLANG_WARN_INT_CONVERSION = YES;
				CLANG_WARN_NON_LITERAL_NULL_CONVERSION = YES;
				CLANG_WARN_OBJC_IMPLICIT_RETAIN_SELF = YES;
				CLANG_WARN_OBJC_LITERAL_CONVERSION = YES;
				CLANG_WARN_OBJC_ROOT_CLASS = YES_ERROR;
				CLANG_WARN_QUOTED_INCLUDE_IN_FRAMEWORK_HEADER = YES;
				CLANG_WARN_RANGE_LOOP_ANALYSIS = YES;
				CLANG_WARN_STRICT_PROTOTYPES = YES;
				CLANG_WARN_SUSPICIOUS_MOVE = YES;
				CLANG_WARN_UNGUARDED_AVAILABILITY = YES_AGGRESSIVE;
				CLANG_WARN_UNREACHABLE_CODE = YES;
				CLANG_WARN__DUPLICATE_METHOD_MATCH = YES;
				COPY_PHASE_STRIP = NO;
				DEBUG_INFORMATION_FORMAT = dwarf;
				ENABLE_STRICT_OBJC_MSGSEND = YES;
				ENABLE_TESTABILITY = YES;
				ENABLE_USER_SCRIPT_SANDBOXING = YES;
				GCC_C_LANGUAGE_STANDARD = gnu17;
				GCC_DYNAMIC_NO_PIC = NO;
				GCC_NO_COMMON_BLOCKS = YES;
				GCC_OPTIMIZATION_LEVEL = 0;
				GCC_PREPROCESSOR_DEFINITIONS = (
					"DEBUG=1",
					"$(inherited)",
				);
				GCC_WARN_64_TO_32_BIT_CONVERSION = YES;
				GCC_WARN_ABOUT_RETURN_TYPE = YES_ERROR;
				GCC_WARN_UNDECLARED_SELECTOR = YES;
				GCC_WARN_UNINITIALIZED_AUTOS = YES_AGGRESSIVE;
				GCC_WARN_UNUSED_FUNCTION = YES;
				GCC_WARN_UNUSED_VARIABLE = YES;
				IPHONEOS_DEPLOYMENT_TARGET = 15.6;
				LOCALIZATION_PREFERS_STRING_CATALOGS = YES;
				MTL_ENABLE_DEBUG_INFO = INCLUDE_SOURCE;
				MTL_FAST_MATH = YES;
				ONLY_ACTIVE_ARCH = YES;
				SDKROOT = iphoneos;
				SWIFT_ACTIVE_COMPILATION_CONDITIONS = "DEBUG $(inherited)";
				SWIFT_OPTIMIZATION_LEVEL = "-Onone";
			};
			name = Debug;
		};
		69CC79212B469DAA0086483E /* Release */ = {
			isa = XCBuildConfiguration;
			buildSettings = {
				ALWAYS_SEARCH_USER_PATHS = NO;
				ASSETCATALOG_COMPILER_GENERATE_SWIFT_ASSET_SYMBOL_EXTENSIONS = YES;
				CLANG_ANALYZER_NONNULL = YES;
				CLANG_ANALYZER_NUMBER_OBJECT_CONVERSION = YES_AGGRESSIVE;
				CLANG_CXX_LANGUAGE_STANDARD = "gnu++20";
				CLANG_ENABLE_MODULES = YES;
				CLANG_ENABLE_OBJC_ARC = YES;
				CLANG_ENABLE_OBJC_WEAK = YES;
				CLANG_WARN_BLOCK_CAPTURE_AUTORELEASING = YES;
				CLANG_WARN_BOOL_CONVERSION = YES;
				CLANG_WARN_COMMA = YES;
				CLANG_WARN_CONSTANT_CONVERSION = YES;
				CLANG_WARN_DEPRECATED_OBJC_IMPLEMENTATIONS = YES;
				CLANG_WARN_DIRECT_OBJC_ISA_USAGE = YES_ERROR;
				CLANG_WARN_DOCUMENTATION_COMMENTS = YES;
				CLANG_WARN_EMPTY_BODY = YES;
				CLANG_WARN_ENUM_CONVERSION = YES;
				CLANG_WARN_INFINITE_RECURSION = YES;
				CLANG_WARN_INT_CONVERSION = YES;
				CLANG_WARN_NON_LITERAL_NULL_CONVERSION = YES;
				CLANG_WARN_OBJC_IMPLICIT_RETAIN_SELF = YES;
				CLANG_WARN_OBJC_LITERAL_CONVERSION = YES;
				CLANG_WARN_OBJC_ROOT_CLASS = YES_ERROR;
				CLANG_WARN_QUOTED_INCLUDE_IN_FRAMEWORK_HEADER = YES;
				CLANG_WARN_RANGE_LOOP_ANALYSIS = YES;
				CLANG_WARN_STRICT_PROTOTYPES = YES;
				CLANG_WARN_SUSPICIOUS_MOVE = YES;
				CLANG_WARN_UNGUARDED_AVAILABILITY = YES_AGGRESSIVE;
				CLANG_WARN_UNREACHABLE_CODE = YES;
				CLANG_WARN__DUPLICATE_METHOD_MATCH = YES;
				COPY_PHASE_STRIP = NO;
				DEBUG_INFORMATION_FORMAT = "dwarf-with-dsym";
				ENABLE_NS_ASSERTIONS = NO;
				ENABLE_STRICT_OBJC_MSGSEND = YES;
				ENABLE_USER_SCRIPT_SANDBOXING = YES;
				GCC_C_LANGUAGE_STANDARD = gnu17;
				GCC_NO_COMMON_BLOCKS = YES;
				GCC_WARN_64_TO_32_BIT_CONVERSION = YES;
				GCC_WARN_ABOUT_RETURN_TYPE = YES_ERROR;
				GCC_WARN_UNDECLARED_SELECTOR = YES;
				GCC_WARN_UNINITIALIZED_AUTOS = YES_AGGRESSIVE;
				GCC_WARN_UNUSED_FUNCTION = YES;
				GCC_WARN_UNUSED_VARIABLE = YES;
				IPHONEOS_DEPLOYMENT_TARGET = 15.6;
				LOCALIZATION_PREFERS_STRING_CATALOGS = YES;
				MTL_ENABLE_DEBUG_INFO = NO;
				MTL_FAST_MATH = YES;
				SDKROOT = iphoneos;
				SWIFT_COMPILATION_MODE = wholemodule;
				VALIDATE_PRODUCT = YES;
			};
			name = Release;
		};
		69CC79232B469DAA0086483E /* Debug */ = {
			isa = XCBuildConfiguration;
			buildSettings = {
				ASSETCATALOG_COMPILER_APPICON_NAME = AppIcon;
				ASSETCATALOG_COMPILER_GLOBAL_ACCENT_COLOR_NAME = AccentColor;
				CODE_SIGN_STYLE = Automatic;
				CURRENT_PROJECT_VERSION = 1;
				DEVELOPMENT_TEAM = LX3TQB65GJ;
				GENERATE_INFOPLIST_FILE = YES;
				INFOPLIST_FILE = eterationCaseStudy/Info.plist;
				INFOPLIST_KEY_UIApplicationSupportsIndirectInputEvents = YES;
				INFOPLIST_KEY_UILaunchStoryboardName = LaunchScreen;
				INFOPLIST_KEY_UISupportedInterfaceOrientations_iPad = "UIInterfaceOrientationPortrait UIInterfaceOrientationPortraitUpsideDown UIInterfaceOrientationLandscapeLeft UIInterfaceOrientationLandscapeRight";
				INFOPLIST_KEY_UISupportedInterfaceOrientations_iPhone = "UIInterfaceOrientationPortrait UIInterfaceOrientationLandscapeLeft UIInterfaceOrientationLandscapeRight";
				LD_RUNPATH_SEARCH_PATHS = (
					"$(inherited)",
					"@executable_path/Frameworks",
				);
				MARKETING_VERSION = 1.0;
				PRODUCT_BUNDLE_IDENTIFIER = com.albaylar.eterationCaseStudy;
				PRODUCT_NAME = "$(TARGET_NAME)";
				SWIFT_EMIT_LOC_STRINGS = YES;
				SWIFT_VERSION = 5.0;
				TARGETED_DEVICE_FAMILY = "1,2";
			};
			name = Debug;
		};
		69CC79242B469DAA0086483E /* Release */ = {
			isa = XCBuildConfiguration;
			buildSettings = {
				ASSETCATALOG_COMPILER_APPICON_NAME = AppIcon;
				ASSETCATALOG_COMPILER_GLOBAL_ACCENT_COLOR_NAME = AccentColor;
				CODE_SIGN_STYLE = Automatic;
				CURRENT_PROJECT_VERSION = 1;
				DEVELOPMENT_TEAM = LX3TQB65GJ;
				GENERATE_INFOPLIST_FILE = YES;
				INFOPLIST_FILE = eterationCaseStudy/Info.plist;
				INFOPLIST_KEY_UIApplicationSupportsIndirectInputEvents = YES;
				INFOPLIST_KEY_UILaunchStoryboardName = LaunchScreen;
				INFOPLIST_KEY_UISupportedInterfaceOrientations_iPad = "UIInterfaceOrientationPortrait UIInterfaceOrientationPortraitUpsideDown UIInterfaceOrientationLandscapeLeft UIInterfaceOrientationLandscapeRight";
				INFOPLIST_KEY_UISupportedInterfaceOrientations_iPhone = "UIInterfaceOrientationPortrait UIInterfaceOrientationLandscapeLeft UIInterfaceOrientationLandscapeRight";
				LD_RUNPATH_SEARCH_PATHS = (
					"$(inherited)",
					"@executable_path/Frameworks",
				);
				MARKETING_VERSION = 1.0;
				PRODUCT_BUNDLE_IDENTIFIER = com.albaylar.eterationCaseStudy;
				PRODUCT_NAME = "$(TARGET_NAME)";
				SWIFT_EMIT_LOC_STRINGS = YES;
				SWIFT_VERSION = 5.0;
				TARGETED_DEVICE_FAMILY = "1,2";
			};
			name = Release;
		};
		69CC79262B469DAA0086483E /* Debug */ = {
			isa = XCBuildConfiguration;
			buildSettings = {
				ALWAYS_EMBED_SWIFT_STANDARD_LIBRARIES = YES;
				BUNDLE_LOADER = "$(TEST_HOST)";
				CODE_SIGN_STYLE = Automatic;
				CURRENT_PROJECT_VERSION = 1;
				DEVELOPMENT_TEAM = LX3TQB65GJ;
				GENERATE_INFOPLIST_FILE = YES;
				IPHONEOS_DEPLOYMENT_TARGET = 17.2;
				MARKETING_VERSION = 1.0;
				PRODUCT_BUNDLE_IDENTIFIER = com.albaylar.eterationCaseStudyTests;
				PRODUCT_NAME = "$(TARGET_NAME)";
				SWIFT_EMIT_LOC_STRINGS = NO;
				SWIFT_VERSION = 5.0;
				TARGETED_DEVICE_FAMILY = "1,2";
				TEST_HOST = "$(BUILT_PRODUCTS_DIR)/eterationCaseStudy.app/$(BUNDLE_EXECUTABLE_FOLDER_PATH)/eterationCaseStudy";
			};
			name = Debug;
		};
		69CC79272B469DAA0086483E /* Release */ = {
			isa = XCBuildConfiguration;
			buildSettings = {
				ALWAYS_EMBED_SWIFT_STANDARD_LIBRARIES = YES;
				BUNDLE_LOADER = "$(TEST_HOST)";
				CODE_SIGN_STYLE = Automatic;
				CURRENT_PROJECT_VERSION = 1;
				DEVELOPMENT_TEAM = LX3TQB65GJ;
				GENERATE_INFOPLIST_FILE = YES;
				IPHONEOS_DEPLOYMENT_TARGET = 17.2;
				MARKETING_VERSION = 1.0;
				PRODUCT_BUNDLE_IDENTIFIER = com.albaylar.eterationCaseStudyTests;
				PRODUCT_NAME = "$(TARGET_NAME)";
				SWIFT_EMIT_LOC_STRINGS = NO;
				SWIFT_VERSION = 5.0;
				TARGETED_DEVICE_FAMILY = "1,2";
				TEST_HOST = "$(BUILT_PRODUCTS_DIR)/eterationCaseStudy.app/$(BUNDLE_EXECUTABLE_FOLDER_PATH)/eterationCaseStudy";
			};
			name = Release;
		};
		69CC79292B469DAA0086483E /* Debug */ = {
			isa = XCBuildConfiguration;
			buildSettings = {
				ALWAYS_EMBED_SWIFT_STANDARD_LIBRARIES = YES;
				CODE_SIGN_STYLE = Automatic;
				CURRENT_PROJECT_VERSION = 1;
				DEVELOPMENT_TEAM = LX3TQB65GJ;
				GENERATE_INFOPLIST_FILE = YES;
				MARKETING_VERSION = 1.0;
				PRODUCT_BUNDLE_IDENTIFIER = com.albaylar.eterationCaseStudyUITests;
				PRODUCT_NAME = "$(TARGET_NAME)";
				SWIFT_EMIT_LOC_STRINGS = NO;
				SWIFT_VERSION = 5.0;
				TARGETED_DEVICE_FAMILY = "1,2";
				TEST_TARGET_NAME = eterationCaseStudy;
			};
			name = Debug;
		};
		69CC792A2B469DAA0086483E /* Release */ = {
			isa = XCBuildConfiguration;
			buildSettings = {
				ALWAYS_EMBED_SWIFT_STANDARD_LIBRARIES = YES;
				CODE_SIGN_STYLE = Automatic;
				CURRENT_PROJECT_VERSION = 1;
				DEVELOPMENT_TEAM = LX3TQB65GJ;
				GENERATE_INFOPLIST_FILE = YES;
				MARKETING_VERSION = 1.0;
				PRODUCT_BUNDLE_IDENTIFIER = com.albaylar.eterationCaseStudyUITests;
				PRODUCT_NAME = "$(TARGET_NAME)";
				SWIFT_EMIT_LOC_STRINGS = NO;
				SWIFT_VERSION = 5.0;
				TARGETED_DEVICE_FAMILY = "1,2";
				TEST_TARGET_NAME = eterationCaseStudy;
			};
			name = Release;
		};
/* End XCBuildConfiguration section */

/* Begin XCConfigurationList section */
		69CC78F02B469DA70086483E /* Build configuration list for PBXProject "eterationCaseStudy" */ = {
			isa = XCConfigurationList;
			buildConfigurations = (
				69CC79202B469DAA0086483E /* Debug */,
				69CC79212B469DAA0086483E /* Release */,
			);
			defaultConfigurationIsVisible = 0;
			defaultConfigurationName = Release;
		};
		69CC79222B469DAA0086483E /* Build configuration list for PBXNativeTarget "eterationCaseStudy" */ = {
			isa = XCConfigurationList;
			buildConfigurations = (
				69CC79232B469DAA0086483E /* Debug */,
				69CC79242B469DAA0086483E /* Release */,
			);
			defaultConfigurationIsVisible = 0;
			defaultConfigurationName = Release;
		};
		69CC79252B469DAA0086483E /* Build configuration list for PBXNativeTarget "eterationCaseStudyTests" */ = {
			isa = XCConfigurationList;
			buildConfigurations = (
				69CC79262B469DAA0086483E /* Debug */,
				69CC79272B469DAA0086483E /* Release */,
			);
			defaultConfigurationIsVisible = 0;
			defaultConfigurationName = Release;
		};
		69CC79282B469DAA0086483E /* Build configuration list for PBXNativeTarget "eterationCaseStudyUITests" */ = {
			isa = XCConfigurationList;
			buildConfigurations = (
				69CC79292B469DAA0086483E /* Debug */,
				69CC792A2B469DAA0086483E /* Release */,
			);
			defaultConfigurationIsVisible = 0;
			defaultConfigurationName = Release;
		};
/* End XCConfigurationList section */

/* Begin XCRemoteSwiftPackageReference section */
		69CC792D2B469F520086483E /* XCRemoteSwiftPackageReference "SnapKit" */ = {
			isa = XCRemoteSwiftPackageReference;
			repositoryURL = "https://github.com/SnapKit/SnapKit";
			requirement = {
				kind = upToNextMajorVersion;
				minimumVersion = 5.7.0;
			};
		};
		69CC795F2B46F52A0086483E /* XCRemoteSwiftPackageReference "Alamofire" */ = {
			isa = XCRemoteSwiftPackageReference;
			repositoryURL = "https://github.com/Alamofire/Alamofire";
			requirement = {
				kind = upToNextMajorVersion;
				minimumVersion = 5.8.1;
			};
		};
		69CC79662B46F5EB0086483E /* XCRemoteSwiftPackageReference "AlamofireImage" */ = {
			isa = XCRemoteSwiftPackageReference;
			repositoryURL = "https://github.com/Alamofire/AlamofireImage";
			requirement = {
				kind = upToNextMajorVersion;
				minimumVersion = 4.3.0;
			};
		};
/* End XCRemoteSwiftPackageReference section */

/* Begin XCSwiftPackageProductDependency section */
		69CC792E2B469F530086483E /* SnapKit */ = {
			isa = XCSwiftPackageProductDependency;
			package = 69CC792D2B469F520086483E /* XCRemoteSwiftPackageReference "SnapKit" */;
			productName = SnapKit;
		};
		69CC79602B46F52A0086483E /* Alamofire */ = {
			isa = XCSwiftPackageProductDependency;
			package = 69CC795F2B46F52A0086483E /* XCRemoteSwiftPackageReference "Alamofire" */;
			productName = Alamofire;
		};
		69CC79672B46F5EB0086483E /* AlamofireImage */ = {
			isa = XCSwiftPackageProductDependency;
			package = 69CC79662B46F5EB0086483E /* XCRemoteSwiftPackageReference "AlamofireImage" */;
			productName = AlamofireImage;
		};
/* End XCSwiftPackageProductDependency section */

/* Begin XCVersionGroup section */
		69CC79012B469DA70086483E /* eterationCaseStudy.xcdatamodeld */ = {
			isa = XCVersionGroup;
			children = (
				69CC79022B469DA70086483E /* eterationCaseStudy.xcdatamodel */,
			);
			currentVersion = 69CC79022B469DA70086483E /* eterationCaseStudy.xcdatamodel */;
			path = eterationCaseStudy.xcdatamodeld;
			sourceTree = "<group>";
			versionGroupType = wrapper.xcdatamodel;
		};
/* End XCVersionGroup section */
	};
	rootObject = 69CC78ED2B469DA70086483E /* Project object */;
}
